
Microsoft Visual Studio Solution File, Format Version 12.00
Project("{2150E333-8FDC-42A3-9474-1A3956D46DE8}") = "Solution Items", "Solution Items", "{CAC0473D-5DCB-496A-B7AF-494264A3EE9F}"
	ProjectSection(SolutionItems) = preProject
		.gitignore = .gitignore
		README.md = README.md
	EndProjectSection
EndProject
Project("{2150E333-8FDC-42A3-9474-1A3956D46DE8}") = "src", "src", "{40B7B9D6-2863-49F1-84B9-02A7B6560D4D}"
	ProjectSection(SolutionItems) = preProject
		src\Directory.Build.props = src\Directory.Build.props
		src\Directory.Packages.props = src\Directory.Packages.props
	EndProjectSection
EndProject
Project("{2150E333-8FDC-42A3-9474-1A3956D46DE8}") = "test", "test", "{19DB4FCD-D1BD-453B-B5B3-C0DADAD164A6}"
	ProjectSection(SolutionItems) = preProject
		test\Directory.Build.props = test\Directory.Build.props
		test\Directory.Packages.props = test\Directory.Packages.props
	EndProjectSection
EndProject
Project("{2150E333-8FDC-42A3-9474-1A3956D46DE8}") = "Games", "Games", "{0EA65773-69C8-49D0-9FF8-37E92A13AF2D}"
EndProject
Project("{FAE04EC0-301F-11D3-BF4B-00C04F79EFBC}") = "Core", "src\Core\Core.csproj", "{DF0C5C15-07AC-490B-B8CB-7DCBCCB224C8}"
EndProject
Project("{FAE04EC0-301F-11D3-BF4B-00C04F79EFBC}") = "Web", "src\Web\Web.csproj", "{C17723B8-9ED5-47FA-9C10-0C585A37763F}"
EndProject
Project("{FAE04EC0-301F-11D3-BF4B-00C04F79EFBC}") = "SpellChecking", "src\SpellChecking\SpellChecking.csproj", "{50024E10-D4ED-49D9-9E9E-236FE5B2BF89}"
EndProject
Project("{FAE04EC0-301F-11D3-BF4B-00C04F79EFBC}") = "Alias", "src\Games\Alias\Alias.csproj", "{B739C4E5-91C5-42E9-9F18-5A53B5803A22}"
EndProject
Project("{FAE04EC0-301F-11D3-BF4B-00C04F79EFBC}") = "SpellChecking.Tests", "test\SpellChecking.Tests\SpellChecking.Tests.csproj", "{6EE1B737-6D17-4F4E-998B-3931DB711CDE}"
EndProject
Global
	GlobalSection(SolutionConfigurationPlatforms) = preSolution
		Debug|Any CPU = Debug|Any CPU
		Release|Any CPU = Release|Any CPU
	EndGlobalSection
	GlobalSection(ProjectConfigurationPlatforms) = postSolution
		{DF0C5C15-07AC-490B-B8CB-7DCBCCB224C8}.Debug|Any CPU.ActiveCfg = Debug|Any CPU
		{DF0C5C15-07AC-490B-B8CB-7DCBCCB224C8}.Debug|Any CPU.Build.0 = Debug|Any CPU
		{DF0C5C15-07AC-490B-B8CB-7DCBCCB224C8}.Release|Any CPU.ActiveCfg = Release|Any CPU
		{DF0C5C15-07AC-490B-B8CB-7DCBCCB224C8}.Release|Any CPU.Build.0 = Release|Any CPU
		{C17723B8-9ED5-47FA-9C10-0C585A37763F}.Debug|Any CPU.ActiveCfg = Debug|Any CPU
		{C17723B8-9ED5-47FA-9C10-0C585A37763F}.Debug|Any CPU.Build.0 = Debug|Any CPU
		{C17723B8-9ED5-47FA-9C10-0C585A37763F}.Release|Any CPU.ActiveCfg = Release|Any CPU
		{C17723B8-9ED5-47FA-9C10-0C585A37763F}.Release|Any CPU.Build.0 = Release|Any CPU
		{50024E10-D4ED-49D9-9E9E-236FE5B2BF89}.Debug|Any CPU.ActiveCfg = Debug|Any CPU
		{50024E10-D4ED-49D9-9E9E-236FE5B2BF89}.Debug|Any CPU.Build.0 = Debug|Any CPU
		{50024E10-D4ED-49D9-9E9E-236FE5B2BF89}.Release|Any CPU.ActiveCfg = Release|Any CPU
		{50024E10-D4ED-49D9-9E9E-236FE5B2BF89}.Release|Any CPU.Build.0 = Release|Any CPU
		{B739C4E5-91C5-42E9-9F18-5A53B5803A22}.Debug|Any CPU.ActiveCfg = Debug|Any CPU
		{B739C4E5-91C5-42E9-9F18-5A53B5803A22}.Debug|Any CPU.Build.0 = Debug|Any CPU
		{B739C4E5-91C5-42E9-9F18-5A53B5803A22}.Release|Any CPU.ActiveCfg = Release|Any CPU
		{B739C4E5-91C5-42E9-9F18-5A53B5803A22}.Release|Any CPU.Build.0 = Release|Any CPU
		{6EE1B737-6D17-4F4E-998B-3931DB711CDE}.Debug|Any CPU.ActiveCfg = Debug|Any CPU
		{6EE1B737-6D17-4F4E-998B-3931DB711CDE}.Debug|Any CPU.Build.0 = Debug|Any CPU
		{6EE1B737-6D17-4F4E-998B-3931DB711CDE}.Release|Any CPU.ActiveCfg = Release|Any CPU
		{6EE1B737-6D17-4F4E-998B-3931DB711CDE}.Release|Any CPU.Build.0 = Release|Any CPU
	EndGlobalSection
	GlobalSection(NestedProjects) = preSolution
		{0EA65773-69C8-49D0-9FF8-37E92A13AF2D} = {40B7B9D6-2863-49F1-84B9-02A7B6560D4D}
		{DF0C5C15-07AC-490B-B8CB-7DCBCCB224C8} = {40B7B9D6-2863-49F1-84B9-02A7B6560D4D}
		{C17723B8-9ED5-47FA-9C10-0C585A37763F} = {40B7B9D6-2863-49F1-84B9-02A7B6560D4D}
		{50024E10-D4ED-49D9-9E9E-236FE5B2BF89} = {40B7B9D6-2863-49F1-84B9-02A7B6560D4D}
		{B739C4E5-91C5-42E9-9F18-5A53B5803A22} = {0EA65773-69C8-49D0-9FF8-37E92A13AF2D}
		{6EE1B737-6D17-4F4E-998B-3931DB711CDE} = {19DB4FCD-D1BD-453B-B5B3-C0DADAD164A6}
	EndGlobalSection
EndGlobal
